
Microsoft Visual Studio Solution File, Format Version 12.00
# Visual Studio Version 16
VisualStudioVersion = 16.0.32002.261
MinimumVisualStudioVersion = 10.0.40219.1
Project("{FAE04EC0-301F-11D3-BF4B-00C04F79EFBC}") = "KendaWeb", "KendaWeb\KendaWeb.csproj", "{72522341-E22F-434F-BC63-37B38DA2967B}"
EndProject
Global
	GlobalSection(SolutionConfigurationPlatforms) = preSolution
		Debug|Any CPU = Debug|Any CPU
		Release|Any CPU = Release|Any CPU
	EndGlobalSection
	GlobalSection(ProjectConfigurationPlatforms) = postSolution
		{72522341-E22F-434F-BC63-37B38DA2967B}.Debug|Any CPU.ActiveCfg = Debug|Any CPU
		{72522341-E22F-434F-BC63-37B38DA2967B}.Debug|Any CPU.Build.0 = Debug|Any CPU
		{72522341-E22F-434F-BC63-37B38DA2967B}.Release|Any CPU.ActiveCfg = Release|Any CPU
		{72522341-E22F-434F-BC63-37B38DA2967B}.Release|Any CPU.Build.0 = Release|Any CPU
	EndGlobalSection
	GlobalSection(SolutionProperties) = preSolution
		HideSolutionNode = FALSE
	EndGlobalSection
	GlobalSection(ExtensibilityGlobals) = postSolution
		SolutionGuid = {437D5CEA-888E-4BED-9B05-E9907D8B2F29}
	EndGlobalSection
EndGlobal
